// !$*UTF8*$!
{
	archiveVersion = 1;
	classes = {
	};
	objectVersion = 46;
	objects = {

/* Begin PBXBuildFile section */
		4ACE4A0C18A64E170082DDFE /* SHUStatusTableViewController.m in Sources */ = {isa = PBXBuildFile; fileRef = 4ACE4A0B18A64E170082DDFE /* SHUStatusTableViewController.m */; };
		4ACE4A0F18A6543F0082DDFE /* SHUMenuTableViewController.m in Sources */ = {isa = PBXBuildFile; fileRef = 4ACE4A0E18A6543F0082DDFE /* SHUMenuTableViewController.m */; };
		4ACE4A1318A65A090082DDFE /* SHUItemListViewController.m in Sources */ = {isa = PBXBuildFile; fileRef = 4ACE4A1218A65A090082DDFE /* SHUItemListViewController.m */; };
		4ACE4A1618A693D70082DDFE /* SHUDetailViewController.m in Sources */ = {isa = PBXBuildFile; fileRef = 4ACE4A1518A693D70082DDFE /* SHUDetailViewController.m */; };
		4ACE4A1818A696B40082DDFE /* MapKit.framework in Frameworks */ = {isa = PBXBuildFile; fileRef = 4ACE4A1718A696B40082DDFE /* MapKit.framework */; };
		4ADAD3E818A6B60A003ADBA4 /* death_star.png in Resources */ = {isa = PBXBuildFile; fileRef = 4ADAD3E718A6B428003ADBA4 /* death_star.png */; };
		4AF20F4E18A61DF700D2B8E1 /* Foundation.framework in Frameworks */ = {isa = PBXBuildFile; fileRef = 4AF20F4D18A61DF700D2B8E1 /* Foundation.framework */; };
		4AF20F5018A61DF700D2B8E1 /* CoreGraphics.framework in Frameworks */ = {isa = PBXBuildFile; fileRef = 4AF20F4F18A61DF700D2B8E1 /* CoreGraphics.framework */; };
		4AF20F5218A61DF700D2B8E1 /* UIKit.framework in Frameworks */ = {isa = PBXBuildFile; fileRef = 4AF20F5118A61DF700D2B8E1 /* UIKit.framework */; };
		4AF20F5818A61DF700D2B8E1 /* InfoPlist.strings in Resources */ = {isa = PBXBuildFile; fileRef = 4AF20F5618A61DF700D2B8E1 /* InfoPlist.strings */; };
		4AF20F5A18A61DF700D2B8E1 /* main.m in Sources */ = {isa = PBXBuildFile; fileRef = 4AF20F5918A61DF700D2B8E1 /* main.m */; };
		4AF20F5E18A61DF700D2B8E1 /* AppDelegate.m in Sources */ = {isa = PBXBuildFile; fileRef = 4AF20F5D18A61DF700D2B8E1 /* AppDelegate.m */; };
		4AF20F6118A61DF700D2B8E1 /* Main.storyboard in Resources */ = {isa = PBXBuildFile; fileRef = 4AF20F5F18A61DF700D2B8E1 /* Main.storyboard */; };
		4AF20F6418A61DF700D2B8E1 /* FirstViewController.m in Sources */ = {isa = PBXBuildFile; fileRef = 4AF20F6318A61DF700D2B8E1 /* FirstViewController.m */; };
		4AF20F6718A61DF700D2B8E1 /* SecondViewController.m in Sources */ = {isa = PBXBuildFile; fileRef = 4AF20F6618A61DF700D2B8E1 /* SecondViewController.m */; };
		4AF20F6918A61DF700D2B8E1 /* Images.xcassets in Resources */ = {isa = PBXBuildFile; fileRef = 4AF20F6818A61DF700D2B8E1 /* Images.xcassets */; };
		4AF20F7018A61DF700D2B8E1 /* XCTest.framework in Frameworks */ = {isa = PBXBuildFile; fileRef = 4AF20F6F18A61DF700D2B8E1 /* XCTest.framework */; };
		4AF20F7118A61DF700D2B8E1 /* Foundation.framework in Frameworks */ = {isa = PBXBuildFile; fileRef = 4AF20F4D18A61DF700D2B8E1 /* Foundation.framework */; };
		4AF20F7218A61DF700D2B8E1 /* UIKit.framework in Frameworks */ = {isa = PBXBuildFile; fileRef = 4AF20F5118A61DF700D2B8E1 /* UIKit.framework */; };
		4AF20F7A18A61DF700D2B8E1 /* InfoPlist.strings in Resources */ = {isa = PBXBuildFile; fileRef = 4AF20F7818A61DF700D2B8E1 /* InfoPlist.strings */; };
		4AF20F7C18A61DF700D2B8E1 /* deathstarfighersTests.m in Sources */ = {isa = PBXBuildFile; fileRef = 4AF20F7B18A61DF700D2B8E1 /* deathstarfighersTests.m */; };
		4AF20F8718A6205700D2B8E1 /* ThirdViewController.m in Sources */ = {isa = PBXBuildFile; fileRef = 4AF20F8618A6205700D2B8E1 /* ThirdViewController.m */; };
		4AF20F8A18A6213200D2B8E1 /* SHUBaccaConnection.m in Sources */ = {isa = PBXBuildFile; fileRef = 4AF20F8918A6213100D2B8E1 /* SHUBaccaConnection.m */; };
/* End PBXBuildFile section */

/* Begin PBXContainerItemProxy section */
		4AF20F7318A61DF700D2B8E1 /* PBXContainerItemProxy */ = {
			isa = PBXContainerItemProxy;
			containerPortal = 4AF20F4218A61DF700D2B8E1 /* Project object */;
			proxyType = 1;
			remoteGlobalIDString = 4AF20F4918A61DF700D2B8E1;
			remoteInfo = deathstarfighers;
		};
/* End PBXContainerItemProxy section */

/* Begin PBXFileReference section */
		4ACE4A0A18A64E170082DDFE /* SHUStatusTableViewController.h */ = {isa = PBXFileReference; fileEncoding = 4; lastKnownFileType = sourcecode.c.h; path = SHUStatusTableViewController.h; sourceTree = "<group>"; };
		4ACE4A0B18A64E170082DDFE /* SHUStatusTableViewController.m */ = {isa = PBXFileReference; fileEncoding = 4; lastKnownFileType = sourcecode.c.objc; path = SHUStatusTableViewController.m; sourceTree = "<group>"; };
		4ACE4A0D18A6543F0082DDFE /* SHUMenuTableViewController.h */ = {isa = PBXFileReference; fileEncoding = 4; lastKnownFileType = sourcecode.c.h; path = SHUMenuTableViewController.h; sourceTree = "<group>"; };
		4ACE4A0E18A6543F0082DDFE /* SHUMenuTableViewController.m */ = {isa = PBXFileReference; fileEncoding = 4; lastKnownFileType = sourcecode.c.objc; path = SHUMenuTableViewController.m; sourceTree = "<group>"; };
		4ACE4A1118A65A090082DDFE /* SHUItemListViewController.h */ = {isa = PBXFileReference; fileEncoding = 4; lastKnownFileType = sourcecode.c.h; path = SHUItemListViewController.h; sourceTree = "<group>"; };
		4ACE4A1218A65A090082DDFE /* SHUItemListViewController.m */ = {isa = PBXFileReference; fileEncoding = 4; lastKnownFileType = sourcecode.c.objc; path = SHUItemListViewController.m; sourceTree = "<group>"; };
		4ACE4A1418A693D70082DDFE /* SHUDetailViewController.h */ = {isa = PBXFileReference; fileEncoding = 4; lastKnownFileType = sourcecode.c.h; path = SHUDetailViewController.h; sourceTree = "<group>"; };
		4ACE4A1518A693D70082DDFE /* SHUDetailViewController.m */ = {isa = PBXFileReference; fileEncoding = 4; lastKnownFileType = sourcecode.c.objc; path = SHUDetailViewController.m; sourceTree = "<group>"; };
		4ACE4A1718A696B40082DDFE /* MapKit.framework */ = {isa = PBXFileReference; lastKnownFileType = wrapper.framework; name = MapKit.framework; path = System/Library/Frameworks/MapKit.framework; sourceTree = SDKROOT; };
		4ADAD3E718A6B428003ADBA4 /* death_star.png */ = {isa = PBXFileReference; lastKnownFileType = image.png; path = death_star.png; sourceTree = "<group>"; };
		4AF20F4A18A61DF700D2B8E1 /* deathstarfighers.app */ = {isa = PBXFileReference; explicitFileType = wrapper.application; includeInIndex = 0; path = deathstarfighers.app; sourceTree = BUILT_PRODUCTS_DIR; };
		4AF20F4D18A61DF700D2B8E1 /* Foundation.framework */ = {isa = PBXFileReference; lastKnownFileType = wrapper.framework; name = Foundation.framework; path = System/Library/Frameworks/Foundation.framework; sourceTree = SDKROOT; };
		4AF20F4F18A61DF700D2B8E1 /* CoreGraphics.framework */ = {isa = PBXFileReference; lastKnownFileType = wrapper.framework; name = CoreGraphics.framework; path = System/Library/Frameworks/CoreGraphics.framework; sourceTree = SDKROOT; };
		4AF20F5118A61DF700D2B8E1 /* UIKit.framework */ = {isa = PBXFileReference; lastKnownFileType = wrapper.framework; name = UIKit.framework; path = System/Library/Frameworks/UIKit.framework; sourceTree = SDKROOT; };
		4AF20F5518A61DF700D2B8E1 /* deathstarfighers-Info.plist */ = {isa = PBXFileReference; lastKnownFileType = text.plist.xml; path = "deathstarfighers-Info.plist"; sourceTree = "<group>"; };
		4AF20F5718A61DF700D2B8E1 /* en */ = {isa = PBXFileReference; lastKnownFileType = text.plist.strings; name = en; path = en.lproj/InfoPlist.strings; sourceTree = "<group>"; };
		4AF20F5918A61DF700D2B8E1 /* main.m */ = {isa = PBXFileReference; lastKnownFileType = sourcecode.c.objc; path = main.m; sourceTree = "<group>"; };
		4AF20F5B18A61DF700D2B8E1 /* deathstarfighers-Prefix.pch */ = {isa = PBXFileReference; lastKnownFileType = sourcecode.c.h; path = "deathstarfighers-Prefix.pch"; sourceTree = "<group>"; };
		4AF20F5C18A61DF700D2B8E1 /* AppDelegate.h */ = {isa = PBXFileReference; lastKnownFileType = sourcecode.c.h; path = AppDelegate.h; sourceTree = "<group>"; };
		4AF20F5D18A61DF700D2B8E1 /* AppDelegate.m */ = {isa = PBXFileReference; lastKnownFileType = sourcecode.c.objc; path = AppDelegate.m; sourceTree = "<group>"; };
		4AF20F6018A61DF700D2B8E1 /* Base */ = {isa = PBXFileReference; lastKnownFileType = file.storyboard; name = Base; path = Base.lproj/Main.storyboard; sourceTree = "<group>"; };
		4AF20F6218A61DF700D2B8E1 /* FirstViewController.h */ = {isa = PBXFileReference; lastKnownFileType = sourcecode.c.h; path = FirstViewController.h; sourceTree = "<group>"; };
		4AF20F6318A61DF700D2B8E1 /* FirstViewController.m */ = {isa = PBXFileReference; lastKnownFileType = sourcecode.c.objc; path = FirstViewController.m; sourceTree = "<group>"; };
		4AF20F6518A61DF700D2B8E1 /* SecondViewController.h */ = {isa = PBXFileReference; lastKnownFileType = sourcecode.c.h; path = SecondViewController.h; sourceTree = "<group>"; };
		4AF20F6618A61DF700D2B8E1 /* SecondViewController.m */ = {isa = PBXFileReference; lastKnownFileType = sourcecode.c.objc; path = SecondViewController.m; sourceTree = "<group>"; };
		4AF20F6818A61DF700D2B8E1 /* Images.xcassets */ = {isa = PBXFileReference; lastKnownFileType = folder.assetcatalog; path = Images.xcassets; sourceTree = "<group>"; };
		4AF20F6E18A61DF700D2B8E1 /* deathstarfighersTests.xctest */ = {isa = PBXFileReference; explicitFileType = wrapper.cfbundle; includeInIndex = 0; path = deathstarfighersTests.xctest; sourceTree = BUILT_PRODUCTS_DIR; };
		4AF20F6F18A61DF700D2B8E1 /* XCTest.framework */ = {isa = PBXFileReference; lastKnownFileType = wrapper.framework; name = XCTest.framework; path = Library/Frameworks/XCTest.framework; sourceTree = DEVELOPER_DIR; };
		4AF20F7718A61DF700D2B8E1 /* deathstarfighersTests-Info.plist */ = {isa = PBXFileReference; lastKnownFileType = text.plist.xml; path = "deathstarfighersTests-Info.plist"; sourceTree = "<group>"; };
		4AF20F7918A61DF700D2B8E1 /* en */ = {isa = PBXFileReference; lastKnownFileType = text.plist.strings; name = en; path = en.lproj/InfoPlist.strings; sourceTree = "<group>"; };
		4AF20F7B18A61DF700D2B8E1 /* deathstarfighersTests.m */ = {isa = PBXFileReference; lastKnownFileType = sourcecode.c.objc; path = deathstarfighersTests.m; sourceTree = "<group>"; };
		4AF20F8518A6205700D2B8E1 /* ThirdViewController.h */ = {isa = PBXFileReference; fileEncoding = 4; lastKnownFileType = sourcecode.c.h; path = ThirdViewController.h; sourceTree = "<group>"; };
		4AF20F8618A6205700D2B8E1 /* ThirdViewController.m */ = {isa = PBXFileReference; fileEncoding = 4; lastKnownFileType = sourcecode.c.objc; path = ThirdViewController.m; sourceTree = "<group>"; };
		4AF20F8818A6213100D2B8E1 /* SHUBaccaConnection.h */ = {isa = PBXFileReference; fileEncoding = 4; lastKnownFileType = sourcecode.c.h; path = SHUBaccaConnection.h; sourceTree = "<group>"; };
		4AF20F8918A6213100D2B8E1 /* SHUBaccaConnection.m */ = {isa = PBXFileReference; fileEncoding = 4; lastKnownFileType = sourcecode.c.objc; path = SHUBaccaConnection.m; sourceTree = "<group>"; };
/* End PBXFileReference section */

/* Begin PBXFrameworksBuildPhase section */
		4AF20F4718A61DF700D2B8E1 /* Frameworks */ = {
			isa = PBXFrameworksBuildPhase;
			buildActionMask = 2147483647;
			files = (
				4ACE4A1818A696B40082DDFE /* MapKit.framework in Frameworks */,
				4AF20F5018A61DF700D2B8E1 /* CoreGraphics.framework in Frameworks */,
				4AF20F5218A61DF700D2B8E1 /* UIKit.framework in Frameworks */,
				4AF20F4E18A61DF700D2B8E1 /* Foundation.framework in Frameworks */,
			);
			runOnlyForDeploymentPostprocessing = 0;
		};
		4AF20F6B18A61DF700D2B8E1 /* Frameworks */ = {
			isa = PBXFrameworksBuildPhase;
			buildActionMask = 2147483647;
			files = (
				4AF20F7018A61DF700D2B8E1 /* XCTest.framework in Frameworks */,
				4AF20F7218A61DF700D2B8E1 /* UIKit.framework in Frameworks */,
				4AF20F7118A61DF700D2B8E1 /* Foundation.framework in Frameworks */,
			);
			runOnlyForDeploymentPostprocessing = 0;
		};
/* End PBXFrameworksBuildPhase section */

/* Begin PBXGroup section */
		4ACE4A1018A659E90082DDFE /* old */ = {
			isa = PBXGroup;
			children = (
				4AF20F8818A6213100D2B8E1 /* SHUBaccaConnection.h */,
				4AF20F8918A6213100D2B8E1 /* SHUBaccaConnection.m */,
			);
			name = old;
			sourceTree = "<group>";
		};
		4AF20F4118A61DF700D2B8E1 = {
			isa = PBXGroup;
			children = (
				4ADAD3E718A6B428003ADBA4 /* death_star.png */,
				4AF20F5318A61DF700D2B8E1 /* deathstarfighers */,
				4AF20F7518A61DF700D2B8E1 /* deathstarfighersTests */,
				4AF20F4C18A61DF700D2B8E1 /* Frameworks */,
				4AF20F4B18A61DF700D2B8E1 /* Products */,
			);
			sourceTree = "<group>";
		};
		4AF20F4B18A61DF700D2B8E1 /* Products */ = {
			isa = PBXGroup;
			children = (
				4AF20F4A18A61DF700D2B8E1 /* deathstarfighers.app */,
				4AF20F6E18A61DF700D2B8E1 /* deathstarfighersTests.xctest */,
			);
			name = Products;
			sourceTree = "<group>";
		};
		4AF20F4C18A61DF700D2B8E1 /* Frameworks */ = {
			isa = PBXGroup;
			children = (
				4ACE4A1718A696B40082DDFE /* MapKit.framework */,
				4AF20F4D18A61DF700D2B8E1 /* Foundation.framework */,
				4AF20F4F18A61DF700D2B8E1 /* CoreGraphics.framework */,
				4AF20F5118A61DF700D2B8E1 /* UIKit.framework */,
				4AF20F6F18A61DF700D2B8E1 /* XCTest.framework */,
			);
			name = Frameworks;
			sourceTree = "<group>";
		};
		4AF20F5318A61DF700D2B8E1 /* deathstarfighers */ = {
			isa = PBXGroup;
			children = (
				4ACE4A1018A659E90082DDFE /* old */,
				4AF20F5C18A61DF700D2B8E1 /* AppDelegate.h */,
				4AF20F5D18A61DF700D2B8E1 /* AppDelegate.m */,
				4AF20F5F18A61DF700D2B8E1 /* Main.storyboard */,
				4AF20F6218A61DF700D2B8E1 /* FirstViewController.h */,
				4AF20F6318A61DF700D2B8E1 /* FirstViewController.m */,
				4AF20F6518A61DF700D2B8E1 /* SecondViewController.h */,
				4AF20F6618A61DF700D2B8E1 /* SecondViewController.m */,
				4AF20F6818A61DF700D2B8E1 /* Images.xcassets */,
				4AF20F5418A61DF700D2B8E1 /* Supporting Files */,
				4AF20F8518A6205700D2B8E1 /* ThirdViewController.h */,
				4AF20F8618A6205700D2B8E1 /* ThirdViewController.m */,
				4ACE4A0A18A64E170082DDFE /* SHUStatusTableViewController.h */,
				4ACE4A0B18A64E170082DDFE /* SHUStatusTableViewController.m */,
				4ACE4A0D18A6543F0082DDFE /* SHUMenuTableViewController.h */,
				4ACE4A0E18A6543F0082DDFE /* SHUMenuTableViewController.m */,
				4ACE4A1118A65A090082DDFE /* SHUItemListViewController.h */,
				4ACE4A1218A65A090082DDFE /* SHUItemListViewController.m */,
				4ACE4A1418A693D70082DDFE /* SHUDetailViewController.h */,
				4ACE4A1518A693D70082DDFE /* SHUDetailViewController.m */,
			);
			path = deathstarfighers;
			sourceTree = "<group>";
		};
		4AF20F5418A61DF700D2B8E1 /* Supporting Files */ = {
			isa = PBXGroup;
			children = (
				4AF20F5518A61DF700D2B8E1 /* deathstarfighers-Info.plist */,
				4AF20F5618A61DF700D2B8E1 /* InfoPlist.strings */,
				4AF20F5918A61DF700D2B8E1 /* main.m */,
				4AF20F5B18A61DF700D2B8E1 /* deathstarfighers-Prefix.pch */,
			);
			name = "Supporting Files";
			sourceTree = "<group>";
		};
		4AF20F7518A61DF700D2B8E1 /* deathstarfighersTests */ = {
			isa = PBXGroup;
			children = (
				4AF20F7B18A61DF700D2B8E1 /* deathstarfighersTests.m */,
				4AF20F7618A61DF700D2B8E1 /* Supporting Files */,
			);
			path = deathstarfighersTests;
			sourceTree = "<group>";
		};
		4AF20F7618A61DF700D2B8E1 /* Supporting Files */ = {
			isa = PBXGroup;
			children = (
				4AF20F7718A61DF700D2B8E1 /* deathstarfighersTests-Info.plist */,
				4AF20F7818A61DF700D2B8E1 /* InfoPlist.strings */,
			);
			name = "Supporting Files";
			sourceTree = "<group>";
		};
/* End PBXGroup section */

/* Begin PBXNativeTarget section */
		4AF20F4918A61DF700D2B8E1 /* deathstarfighers */ = {
			isa = PBXNativeTarget;
			buildConfigurationList = 4AF20F7F18A61DF700D2B8E1 /* Build configuration list for PBXNativeTarget "deathstarfighers" */;
			buildPhases = (
				4AF20F4618A61DF700D2B8E1 /* Sources */,
				4AF20F4718A61DF700D2B8E1 /* Frameworks */,
				4AF20F4818A61DF700D2B8E1 /* Resources */,
			);
			buildRules = (
			);
			dependencies = (
			);
			name = deathstarfighers;
			productName = deathstarfighers;
			productReference = 4AF20F4A18A61DF700D2B8E1 /* deathstarfighers.app */;
			productType = "com.apple.product-type.application";
		};
		4AF20F6D18A61DF700D2B8E1 /* deathstarfighersTests */ = {
			isa = PBXNativeTarget;
			buildConfigurationList = 4AF20F8218A61DF700D2B8E1 /* Build configuration list for PBXNativeTarget "deathstarfighersTests" */;
			buildPhases = (
				4AF20F6A18A61DF700D2B8E1 /* Sources */,
				4AF20F6B18A61DF700D2B8E1 /* Frameworks */,
				4AF20F6C18A61DF700D2B8E1 /* Resources */,
			);
			buildRules = (
			);
			dependencies = (
				4AF20F7418A61DF700D2B8E1 /* PBXTargetDependency */,
			);
			name = deathstarfighersTests;
			productName = deathstarfighersTests;
			productReference = 4AF20F6E18A61DF700D2B8E1 /* deathstarfighersTests.xctest */;
			productType = "com.apple.product-type.bundle.unit-test";
		};
/* End PBXNativeTarget section */

/* Begin PBXProject section */
		4AF20F4218A61DF700D2B8E1 /* Project object */ = {
			isa = PBXProject;
			attributes = {
				LastUpgradeCheck = 0500;
				ORGANIZATIONNAME = TC;
				TargetAttributes = {
					4AF20F4918A61DF700D2B8E1 = {
						DevelopmentTeam = LH64KPRD69;
					};
					4AF20F6D18A61DF700D2B8E1 = {
						TestTargetID = 4AF20F4918A61DF700D2B8E1;
					};
				};
			};
			buildConfigurationList = 4AF20F4518A61DF700D2B8E1 /* Build configuration list for PBXProject "deathstarfighers" */;
			compatibilityVersion = "Xcode 3.2";
			developmentRegion = English;
			hasScannedForEncodings = 0;
			knownRegions = (
				en,
				Base,
			);
			mainGroup = 4AF20F4118A61DF700D2B8E1;
			productRefGroup = 4AF20F4B18A61DF700D2B8E1 /* Products */;
			projectDirPath = "";
			projectRoot = "";
			targets = (
				4AF20F4918A61DF700D2B8E1 /* deathstarfighers */,
				4AF20F6D18A61DF700D2B8E1 /* deathstarfighersTests */,
			);
		};
/* End PBXProject section */

/* Begin PBXResourcesBuildPhase section */
		4AF20F4818A61DF700D2B8E1 /* Resources */ = {
			isa = PBXResourcesBuildPhase;
			buildActionMask = 2147483647;
			files = (
				4ADAD3E818A6B60A003ADBA4 /* death_star.png in Resources */,
				4AF20F6918A61DF700D2B8E1 /* Images.xcassets in Resources */,
				4AF20F5818A61DF700D2B8E1 /* InfoPlist.strings in Resources */,
				4AF20F6118A61DF700D2B8E1 /* Main.storyboard in Resources */,
			);
			runOnlyForDeploymentPostprocessing = 0;
		};
		4AF20F6C18A61DF700D2B8E1 /* Resources */ = {
			isa = PBXResourcesBuildPhase;
			buildActionMask = 2147483647;
			files = (
				4AF20F7A18A61DF700D2B8E1 /* InfoPlist.strings in Resources */,
			);
			runOnlyForDeploymentPostprocessing = 0;
		};
/* End PBXResourcesBuildPhase section */

/* Begin PBXSourcesBuildPhase section */
		4AF20F4618A61DF700D2B8E1 /* Sources */ = {
			isa = PBXSourcesBuildPhase;
			buildActionMask = 2147483647;
			files = (
				4ACE4A1318A65A090082DDFE /* SHUItemListViewController.m in Sources */,
				4AF20F6718A61DF700D2B8E1 /* SecondViewController.m in Sources */,
				4AF20F8A18A6213200D2B8E1 /* SHUBaccaConnection.m in Sources */,
				4AF20F8718A6205700D2B8E1 /* ThirdViewController.m in Sources */,
				4ACE4A0F18A6543F0082DDFE /* SHUMenuTableViewController.m in Sources */,
				4ACE4A1618A693D70082DDFE /* SHUDetailViewController.m in Sources */,
				4AF20F5E18A61DF700D2B8E1 /* AppDelegate.m in Sources */,
				4AF20F6418A61DF700D2B8E1 /* FirstViewController.m in Sources */,
				4AF20F5A18A61DF700D2B8E1 /* main.m in Sources */,
				4ACE4A0C18A64E170082DDFE /* SHUStatusTableViewController.m in Sources */,
			);
			runOnlyForDeploymentPostprocessing = 0;
		};
		4AF20F6A18A61DF700D2B8E1 /* Sources */ = {
			isa = PBXSourcesBuildPhase;
			buildActionMask = 2147483647;
			files = (
				4AF20F7C18A61DF700D2B8E1 /* deathstarfighersTests.m in Sources */,
			);
			runOnlyForDeploymentPostprocessing = 0;
		};
/* End PBXSourcesBuildPhase section */

/* Begin PBXTargetDependency section */
		4AF20F7418A61DF700D2B8E1 /* PBXTargetDependency */ = {
			isa = PBXTargetDependency;
			target = 4AF20F4918A61DF700D2B8E1 /* deathstarfighers */;
			targetProxy = 4AF20F7318A61DF700D2B8E1 /* PBXContainerItemProxy */;
		};
/* End PBXTargetDependency section */

/* Begin PBXVariantGroup section */
		4AF20F5618A61DF700D2B8E1 /* InfoPlist.strings */ = {
			isa = PBXVariantGroup;
			children = (
				4AF20F5718A61DF700D2B8E1 /* en */,
			);
			name = InfoPlist.strings;
			sourceTree = "<group>";
		};
		4AF20F5F18A61DF700D2B8E1 /* Main.storyboard */ = {
			isa = PBXVariantGroup;
			children = (
				4AF20F6018A61DF700D2B8E1 /* Base */,
			);
			name = Main.storyboard;
			sourceTree = "<group>";
		};
		4AF20F7818A61DF700D2B8E1 /* InfoPlist.strings */ = {
			isa = PBXVariantGroup;
			children = (
				4AF20F7918A61DF700D2B8E1 /* en */,
			);
			name = InfoPlist.strings;
			sourceTree = "<group>";
		};
/* End PBXVariantGroup section */

/* Begin XCBuildConfiguration section */
		4AF20F7D18A61DF700D2B8E1 /* Debug */ = {
			isa = XCBuildConfiguration;
			buildSettings = {
				ALWAYS_SEARCH_USER_PATHS = NO;
				ARCHS = "$(ARCHS_STANDARD_INCLUDING_64_BIT)";
				CLANG_CXX_LANGUAGE_STANDARD = "gnu++0x";
				CLANG_CXX_LIBRARY = "libc++";
				CLANG_ENABLE_MODULES = YES;
				CLANG_ENABLE_OBJC_ARC = YES;
				CLANG_WARN_BOOL_CONVERSION = YES;
				CLANG_WARN_CONSTANT_CONVERSION = YES;
				CLANG_WARN_DIRECT_OBJC_ISA_USAGE = YES_ERROR;
				CLANG_WARN_EMPTY_BODY = YES;
				CLANG_WARN_ENUM_CONVERSION = YES;
				CLANG_WARN_INT_CONVERSION = YES;
				CLANG_WARN_OBJC_ROOT_CLASS = YES_ERROR;
				CLANG_WARN__DUPLICATE_METHOD_MATCH = YES;
				"CODE_SIGN_IDENTITY[sdk=iphoneos*]" = "iPhone Developer";
				COPY_PHASE_STRIP = NO;
				GCC_C_LANGUAGE_STANDARD = gnu99;
				GCC_DYNAMIC_NO_PIC = NO;
				GCC_OPTIMIZATION_LEVEL = 0;
				GCC_PREPROCESSOR_DEFINITIONS = (
					"DEBUG=1",
					"$(inherited)",
				);
				GCC_SYMBOLS_PRIVATE_EXTERN = NO;
				GCC_WARN_64_TO_32_BIT_CONVERSION = YES;
				GCC_WARN_ABOUT_RETURN_TYPE = YES_ERROR;
				GCC_WARN_UNDECLARED_SELECTOR = YES;
				GCC_WARN_UNINITIALIZED_AUTOS = YES;
				GCC_WARN_UNUSED_FUNCTION = YES;
				GCC_WARN_UNUSED_VARIABLE = YES;
				IPHONEOS_DEPLOYMENT_TARGET = 7.0;
				ONLY_ACTIVE_ARCH = YES;
				SDKROOT = iphoneos;
			};
			name = Debug;
		};
		4AF20F7E18A61DF700D2B8E1 /* Release */ = {
			isa = XCBuildConfiguration;
			buildSettings = {
				ALWAYS_SEARCH_USER_PATHS = NO;
				ARCHS = "$(ARCHS_STANDARD_INCLUDING_64_BIT)";
				CLANG_CXX_LANGUAGE_STANDARD = "gnu++0x";
				CLANG_CXX_LIBRARY = "libc++";
				CLANG_ENABLE_MODULES = YES;
				CLANG_ENABLE_OBJC_ARC = YES;
				CLANG_WARN_BOOL_CONVERSION = YES;
				CLANG_WARN_CONSTANT_CONVERSION = YES;
				CLANG_WARN_DIRECT_OBJC_ISA_USAGE = YES_ERROR;
				CLANG_WARN_EMPTY_BODY = YES;
				CLANG_WARN_ENUM_CONVERSION = YES;
				CLANG_WARN_INT_CONVERSION = YES;
				CLANG_WARN_OBJC_ROOT_CLASS = YES_ERROR;
				CLANG_WARN__DUPLICATE_METHOD_MATCH = YES;
				"CODE_SIGN_IDENTITY[sdk=iphoneos*]" = "iPhone Developer";
				COPY_PHASE_STRIP = YES;
				ENABLE_NS_ASSERTIONS = NO;
				GCC_C_LANGUAGE_STANDARD = gnu99;
				GCC_WARN_64_TO_32_BIT_CONVERSION = YES;
				GCC_WARN_ABOUT_RETURN_TYPE = YES_ERROR;
				GCC_WARN_UNDECLARED_SELECTOR = YES;
				GCC_WARN_UNINITIALIZED_AUTOS = YES;
				GCC_WARN_UNUSED_FUNCTION = YES;
				GCC_WARN_UNUSED_VARIABLE = YES;
				IPHONEOS_DEPLOYMENT_TARGET = 7.0;
				SDKROOT = iphoneos;
				VALIDATE_PRODUCT = YES;
			};
			name = Release;
		};
		4AF20F8018A61DF700D2B8E1 /* Debug */ = {
			isa = XCBuildConfiguration;
			buildSettings = {
				ASSETCATALOG_COMPILER_APPICON_NAME = AppIcon;
				ASSETCATALOG_COMPILER_LAUNCHIMAGE_NAME = LaunchImage;
				CODE_SIGN_IDENTITY = "iPhone Developer";
				GCC_PRECOMPILE_PREFIX_HEADER = YES;
				GCC_PREFIX_HEADER = "deathstarfighers/deathstarfighers-Prefix.pch";
				INFOPLIST_FILE = "deathstarfighers/deathstarfighers-Info.plist";
				PRODUCT_NAME = "$(TARGET_NAME)";
				WRAPPER_EXTENSION = app;
			};
			name = Debug;
		};
		4AF20F8118A61DF700D2B8E1 /* Release */ = {
			isa = XCBuildConfiguration;
			buildSettings = {
				ASSETCATALOG_COMPILER_APPICON_NAME = AppIcon;
				ASSETCATALOG_COMPILER_LAUNCHIMAGE_NAME = LaunchImage;
				CODE_SIGN_IDENTITY = "iPhone Developer";
				GCC_PRECOMPILE_PREFIX_HEADER = YES;
				GCC_PREFIX_HEADER = "deathstarfighers/deathstarfighers-Prefix.pch";
				INFOPLIST_FILE = "deathstarfighers/deathstarfighers-Info.plist";
				PRODUCT_NAME = "$(TARGET_NAME)";
				WRAPPER_EXTENSION = app;
			};
			name = Release;
		};
		4AF20F8318A61DF700D2B8E1 /* Debug */ = {
			isa = XCBuildConfiguration;
			buildSettings = {
				ARCHS = "$(ARCHS_STANDARD_INCLUDING_64_BIT)";
				BUNDLE_LOADER = "$(BUILT_PRODUCTS_DIR)/deathstarfighers.app/deathstarfighers";
				FRAMEWORK_SEARCH_PATHS = (
					"$(SDKROOT)/Developer/Library/Frameworks",
					"$(inherited)",
					"$(DEVELOPER_FRAMEWORKS_DIR)",
				);
				GCC_PRECOMPILE_PREFIX_HEADER = YES;
				GCC_PREFIX_HEADER = "deathstarfighers/deathstarfighers-Prefix.pch";
				GCC_PREPROCESSOR_DEFINITIONS = (
					"DEBUG=1",
					"$(inherited)",
				);
				INFOPLIST_FILE = "deathstarfighersTests/deathstarfighersTests-Info.plist";
				PRODUCT_NAME = "$(TARGET_NAME)";
				TEST_HOST = "$(BUNDLE_LOADER)";
				WRAPPER_EXTENSION = xctest;
			};
			name = Debug;
		};
		4AF20F8418A61DF700D2B8E1 /* Release */ = {
			isa = XCBuildConfiguration;
			buildSettings = {
				ARCHS = "$(ARCHS_STANDARD_INCLUDING_64_BIT)";
				BUNDLE_LOADER = "$(BUILT_PRODUCTS_DIR)/deathstarfighers.app/deathstarfighers";
				FRAMEWORK_SEARCH_PATHS = (
					"$(SDKROOT)/Developer/Library/Frameworks",
					"$(inherited)",
					"$(DEVELOPER_FRAMEWORKS_DIR)",
				);
				GCC_PRECOMPILE_PREFIX_HEADER = YES;
				GCC_PREFIX_HEADER = "deathstarfighers/deathstarfighers-Prefix.pch";
				INFOPLIST_FILE = "deathstarfighersTests/deathstarfighersTests-Info.plist";
				PRODUCT_NAME = "$(TARGET_NAME)";
				TEST_HOST = "$(BUNDLE_LOADER)";
				WRAPPER_EXTENSION = xctest;
			};
			name = Release;
		};
/* End XCBuildConfiguration section */

/* Begin XCConfigurationList section */
		4AF20F4518A61DF700D2B8E1 /* Build configuration list for PBXProject "deathstarfighers" */ = {
			isa = XCConfigurationList;
			buildConfigurations = (
				4AF20F7D18A61DF700D2B8E1 /* Debug */,
				4AF20F7E18A61DF700D2B8E1 /* Release */,
			);
			defaultConfigurationIsVisible = 0;
			defaultConfigurationName = Release;
		};
		4AF20F7F18A61DF700D2B8E1 /* Build configuration list for PBXNativeTarget "deathstarfighers" */ = {
			isa = XCConfigurationList;
			buildConfigurations = (
				4AF20F8018A61DF700D2B8E1 /* Debug */,
				4AF20F8118A61DF700D2B8E1 /* Release */,
			);
			defaultConfigurationIsVisible = 0;
			defaultConfigurationName = Release;
		};
		4AF20F8218A61DF700D2B8E1 /* Build configuration list for PBXNativeTarget "deathstarfighersTests" */ = {
			isa = XCConfigurationList;
			buildConfigurations = (
				4AF20F8318A61DF700D2B8E1 /* Debug */,
				4AF20F8418A61DF700D2B8E1 /* Release */,
			);
			defaultConfigurationIsVisible = 0;
			defaultConfigurationName = Release;
		};
/* End XCConfigurationList section */
	};
	rootObject = 4AF20F4218A61DF700D2B8E1 /* Project object */;
}
